// !$*UTF8*$!
{
	archiveVersion = 1;
	classes = {
	};
	objectVersion = 50;
	objects = {

/* Begin PBXBuildFile section */
		14E066DB6AFD1428E8277BDB /* Pods_NASA_AppUITests.framework in Frameworks */ = {isa = PBXBuildFile; fileRef = BC65E1C324AAA01F1BE4A457 /* Pods_NASA_AppUITests.framework */; };
		5160F0DB046D3BCD8B0C7654 /* Pods_NASA_AppTests.framework in Frameworks */ = {isa = PBXBuildFile; fileRef = 0A9F8DE9CD681379222B8DE7 /* Pods_NASA_AppTests.framework */; };
		840C72C422DA332300A76A6B /* ImageService.swift in Sources */ = {isa = PBXBuildFile; fileRef = 840C72C322DA332300A76A6B /* ImageService.swift */; };
		840C72C622DA8ED300A76A6B /* EyeInTheSkyMapViewDelegate.swift in Sources */ = {isa = PBXBuildFile; fileRef = 840C72C522DA8ED300A76A6B /* EyeInTheSkyMapViewDelegate.swift */; };
		840C72C822DA8F3400A76A6B /* LocationTableView.swift in Sources */ = {isa = PBXBuildFile; fileRef = 840C72C722DA8F3400A76A6B /* LocationTableView.swift */; };
		840C72CA22DA8F3D00A76A6B /* LocationCell.swift in Sources */ = {isa = PBXBuildFile; fileRef = 840C72C922DA8F3D00A76A6B /* LocationCell.swift */; };
		840C72CC22DAA87700A76A6B /* LocationManager.swift in Sources */ = {isa = PBXBuildFile; fileRef = 840C72CB22DAA87700A76A6B /* LocationManager.swift */; };
		8453329922DD505100098746 /* SearchLocations.swift in Sources */ = {isa = PBXBuildFile; fileRef = 8453329822DD505100098746 /* SearchLocations.swift */; };
		845D553522D62A710020A64C /* AppDelegate.swift in Sources */ = {isa = PBXBuildFile; fileRef = 845D553422D62A710020A64C /* AppDelegate.swift */; };
		845D553722D62A710020A64C /* art.scnassets in Resources */ = {isa = PBXBuildFile; fileRef = 845D553622D62A710020A64C /* art.scnassets */; };
		845D553C22D62A710020A64C /* Main.storyboard in Resources */ = {isa = PBXBuildFile; fileRef = 845D553A22D62A710020A64C /* Main.storyboard */; };
		845D553E22D62A730020A64C /* Assets.xcassets in Resources */ = {isa = PBXBuildFile; fileRef = 845D553D22D62A730020A64C /* Assets.xcassets */; };
		845D554122D62A730020A64C /* LaunchScreen.storyboard in Resources */ = {isa = PBXBuildFile; fileRef = 845D553F22D62A730020A64C /* LaunchScreen.storyboard */; };
		845D554C22D62A730020A64C /* NASA_AppTests.swift in Sources */ = {isa = PBXBuildFile; fileRef = 845D554B22D62A730020A64C /* NASA_AppTests.swift */; };
		845D555722D62A730020A64C /* NASA_AppUITests.swift in Sources */ = {isa = PBXBuildFile; fileRef = 845D555622D62A730020A64C /* NASA_AppUITests.swift */; };
		845D556522D62AA50020A64C /* PlanetaryARVC.swift in Sources */ = {isa = PBXBuildFile; fileRef = 845D556422D62AA50020A64C /* PlanetaryARVC.swift */; };
		845D556722D62ABC0020A64C /* MainViewController.swift in Sources */ = {isa = PBXBuildFile; fileRef = 845D556622D62ABC0020A64C /* MainViewController.swift */; };
		845D556A22D62AF80020A64C /* PlanetaryAR.storyboard in Resources */ = {isa = PBXBuildFile; fileRef = 845D556822D62AF80020A64C /* PlanetaryAR.storyboard */; };
		845D556D22D646D80020A64C /* Planets.swift in Sources */ = {isa = PBXBuildFile; fileRef = 845D556C22D646D80020A64C /* Planets.swift */; };
		847992F822D6BC70001781D5 /* JSONDownloader.swift in Sources */ = {isa = PBXBuildFile; fileRef = 847992F722D6BC70001781D5 /* JSONDownloader.swift */; };
		847992FA22D7ABC6001781D5 /* MarsRover.storyboard in Resources */ = {isa = PBXBuildFile; fileRef = 847992F922D7ABC6001781D5 /* MarsRover.storyboard */; };
		847992FC22D7ABD4001781D5 /* MarsRoverVC.swift in Sources */ = {isa = PBXBuildFile; fileRef = 847992FB22D7ABD4001781D5 /* MarsRoverVC.swift */; };
		847992FF22D7B8B0001781D5 /* Rovers.swift in Sources */ = {isa = PBXBuildFile; fileRef = 847992FE22D7B8B0001781D5 /* Rovers.swift */; };
		8479930122D7C62A001781D5 /* RoverCollectionView.swift in Sources */ = {isa = PBXBuildFile; fileRef = 8479930022D7C62A001781D5 /* RoverCollectionView.swift */; };
		8479930322D7C7AF001781D5 /* RoverCell.swift in Sources */ = {isa = PBXBuildFile; fileRef = 8479930222D7C7AF001781D5 /* RoverCell.swift */; };
		8479930522D7D742001781D5 /* Extensions.swift in Sources */ = {isa = PBXBuildFile; fileRef = 8479930422D7D742001781D5 /* Extensions.swift */; };
		8479930722D8DB72001781D5 /* EyeInTheSky.storyboard in Resources */ = {isa = PBXBuildFile; fileRef = 8479930622D8DB72001781D5 /* EyeInTheSky.storyboard */; };
		8479930922D8DB94001781D5 /* EyeInTheSky.swift in Sources */ = {isa = PBXBuildFile; fileRef = 8479930822D8DB94001781D5 /* EyeInTheSky.swift */; };
		8479930D22D8DE67001781D5 /* NASATypes.swift in Sources */ = {isa = PBXBuildFile; fileRef = 8479930C22D8DE67001781D5 /* NASATypes.swift */; };
		8479930F22D8EBFE001781D5 /* DataModels.swift in Sources */ = {isa = PBXBuildFile; fileRef = 8479930E22D8EBFE001781D5 /* DataModels.swift */; };
		8479931122D9308B001781D5 /* CreatePostcard.swift in Sources */ = {isa = PBXBuildFile; fileRef = 8479931022D9308B001781D5 /* CreatePostcard.swift */; };
		A0CEB2129ECD8781FC2ACCC9 /* Pods_NASA_App.framework in Frameworks */ = {isa = PBXBuildFile; fileRef = D21113C5F4CA7B1052B267E3 /* Pods_NASA_App.framework */; };
/* End PBXBuildFile section */

/* Begin PBXContainerItemProxy section */
		845D554822D62A730020A64C /* PBXContainerItemProxy */ = {
			isa = PBXContainerItemProxy;
			containerPortal = 845D552922D62A710020A64C /* Project object */;
			proxyType = 1;
			remoteGlobalIDString = 845D553022D62A710020A64C;
			remoteInfo = "NASA App";
		};
		845D555322D62A730020A64C /* PBXContainerItemProxy */ = {
			isa = PBXContainerItemProxy;
			containerPortal = 845D552922D62A710020A64C /* Project object */;
			proxyType = 1;
			remoteGlobalIDString = 845D553022D62A710020A64C;
			remoteInfo = "NASA App";
		};
/* End PBXContainerItemProxy section */

/* Begin PBXFileReference section */
		0A9F8DE9CD681379222B8DE7 /* Pods_NASA_AppTests.framework */ = {isa = PBXFileReference; explicitFileType = wrapper.framework; includeInIndex = 0; path = Pods_NASA_AppTests.framework; sourceTree = BUILT_PRODUCTS_DIR; };
		0F2FA540F178D24386B3D799 /* Pods-NASA App.release.xcconfig */ = {isa = PBXFileReference; includeInIndex = 1; lastKnownFileType = text.xcconfig; name = "Pods-NASA App.release.xcconfig"; path = "Target Support Files/Pods-NASA App/Pods-NASA App.release.xcconfig"; sourceTree = "<group>"; };
		16A1363DB835C51240595F2F /* Pods-NASA AppTests.release.xcconfig */ = {isa = PBXFileReference; includeInIndex = 1; lastKnownFileType = text.xcconfig; name = "Pods-NASA AppTests.release.xcconfig"; path = "Target Support Files/Pods-NASA AppTests/Pods-NASA AppTests.release.xcconfig"; sourceTree = "<group>"; };
		4411A73F623B642E04F8E21E /* Pods-NASA AppUITests.release.xcconfig */ = {isa = PBXFileReference; includeInIndex = 1; lastKnownFileType = text.xcconfig; name = "Pods-NASA AppUITests.release.xcconfig"; path = "Target Support Files/Pods-NASA AppUITests/Pods-NASA AppUITests.release.xcconfig"; sourceTree = "<group>"; };
		7F6F22166F994D9B35DA440B /* Pods-NASA AppTests.debug.xcconfig */ = {isa = PBXFileReference; includeInIndex = 1; lastKnownFileType = text.xcconfig; name = "Pods-NASA AppTests.debug.xcconfig"; path = "Target Support Files/Pods-NASA AppTests/Pods-NASA AppTests.debug.xcconfig"; sourceTree = "<group>"; };
		840C72C322DA332300A76A6B /* ImageService.swift */ = {isa = PBXFileReference; lastKnownFileType = sourcecode.swift; path = ImageService.swift; sourceTree = "<group>"; };
		840C72C522DA8ED300A76A6B /* EyeInTheSkyMapViewDelegate.swift */ = {isa = PBXFileReference; lastKnownFileType = sourcecode.swift; path = EyeInTheSkyMapViewDelegate.swift; sourceTree = "<group>"; };
		840C72C722DA8F3400A76A6B /* LocationTableView.swift */ = {isa = PBXFileReference; fileEncoding = 4; lastKnownFileType = sourcecode.swift; path = LocationTableView.swift; sourceTree = "<group>"; };
		840C72C922DA8F3D00A76A6B /* LocationCell.swift */ = {isa = PBXFileReference; fileEncoding = 4; lastKnownFileType = sourcecode.swift; path = LocationCell.swift; sourceTree = "<group>"; };
		840C72CB22DAA87700A76A6B /* LocationManager.swift */ = {isa = PBXFileReference; fileEncoding = 4; lastKnownFileType = sourcecode.swift; path = LocationManager.swift; sourceTree = "<group>"; };
		8453329822DD505100098746 /* SearchLocations.swift */ = {isa = PBXFileReference; lastKnownFileType = sourcecode.swift; path = SearchLocations.swift; sourceTree = "<group>"; };
		845D553122D62A710020A64C /* NASA App.app */ = {isa = PBXFileReference; explicitFileType = wrapper.application; includeInIndex = 0; path = "NASA App.app"; sourceTree = BUILT_PRODUCTS_DIR; };
		845D553422D62A710020A64C /* AppDelegate.swift */ = {isa = PBXFileReference; lastKnownFileType = sourcecode.swift; path = AppDelegate.swift; sourceTree = "<group>"; };
		845D553622D62A710020A64C /* art.scnassets */ = {isa = PBXFileReference; lastKnownFileType = wrapper.scnassets; path = art.scnassets; sourceTree = "<group>"; };
		845D553B22D62A710020A64C /* Base */ = {isa = PBXFileReference; lastKnownFileType = file.storyboard; name = Base; path = Base.lproj/Main.storyboard; sourceTree = "<group>"; };
		845D553D22D62A730020A64C /* Assets.xcassets */ = {isa = PBXFileReference; lastKnownFileType = folder.assetcatalog; path = Assets.xcassets; sourceTree = "<group>"; };
		845D554022D62A730020A64C /* Base */ = {isa = PBXFileReference; lastKnownFileType = file.storyboard; name = Base; path = Base.lproj/LaunchScreen.storyboard; sourceTree = "<group>"; };
		845D554222D62A730020A64C /* Info.plist */ = {isa = PBXFileReference; lastKnownFileType = text.plist.xml; path = Info.plist; sourceTree = "<group>"; };
		845D554722D62A730020A64C /* NASA AppTests.xctest */ = {isa = PBXFileReference; explicitFileType = wrapper.cfbundle; includeInIndex = 0; path = "NASA AppTests.xctest"; sourceTree = BUILT_PRODUCTS_DIR; };
		845D554B22D62A730020A64C /* NASA_AppTests.swift */ = {isa = PBXFileReference; lastKnownFileType = sourcecode.swift; path = NASA_AppTests.swift; sourceTree = "<group>"; };
		845D554D22D62A730020A64C /* Info.plist */ = {isa = PBXFileReference; lastKnownFileType = text.plist.xml; path = Info.plist; sourceTree = "<group>"; };
		845D555222D62A730020A64C /* NASA AppUITests.xctest */ = {isa = PBXFileReference; explicitFileType = wrapper.cfbundle; includeInIndex = 0; path = "NASA AppUITests.xctest"; sourceTree = BUILT_PRODUCTS_DIR; };
		845D555622D62A730020A64C /* NASA_AppUITests.swift */ = {isa = PBXFileReference; lastKnownFileType = sourcecode.swift; path = NASA_AppUITests.swift; sourceTree = "<group>"; };
		845D555822D62A730020A64C /* Info.plist */ = {isa = PBXFileReference; lastKnownFileType = text.plist.xml; path = Info.plist; sourceTree = "<group>"; };
		845D556422D62AA50020A64C /* PlanetaryARVC.swift */ = {isa = PBXFileReference; fileEncoding = 4; lastKnownFileType = sourcecode.swift; path = PlanetaryARVC.swift; sourceTree = "<group>"; };
		845D556622D62ABC0020A64C /* MainViewController.swift */ = {isa = PBXFileReference; fileEncoding = 4; lastKnownFileType = sourcecode.swift; path = MainViewController.swift; sourceTree = "<group>"; };
		845D556922D62AF80020A64C /* Base */ = {isa = PBXFileReference; lastKnownFileType = file.storyboard; name = Base; path = "NASA App/Base.lproj/PlanetaryAR.storyboard"; sourceTree = "<group>"; };
		845D556C22D646D80020A64C /* Planets.swift */ = {isa = PBXFileReference; lastKnownFileType = sourcecode.swift; path = Planets.swift; sourceTree = "<group>"; };
		847992F722D6BC70001781D5 /* JSONDownloader.swift */ = {isa = PBXFileReference; lastKnownFileType = sourcecode.swift; path = JSONDownloader.swift; sourceTree = "<group>"; };
		847992F922D7ABC6001781D5 /* MarsRover.storyboard */ = {isa = PBXFileReference; lastKnownFileType = file.storyboard; path = MarsRover.storyboard; sourceTree = "<group>"; };
		847992FB22D7ABD4001781D5 /* MarsRoverVC.swift */ = {isa = PBXFileReference; lastKnownFileType = sourcecode.swift; path = MarsRoverVC.swift; sourceTree = "<group>"; };
		847992FE22D7B8B0001781D5 /* Rovers.swift */ = {isa = PBXFileReference; lastKnownFileType = sourcecode.swift; path = Rovers.swift; sourceTree = "<group>"; };
		8479930022D7C62A001781D5 /* RoverCollectionView.swift */ = {isa = PBXFileReference; lastKnownFileType = sourcecode.swift; path = RoverCollectionView.swift; sourceTree = "<group>"; };
		8479930222D7C7AF001781D5 /* RoverCell.swift */ = {isa = PBXFileReference; lastKnownFileType = sourcecode.swift; path = RoverCell.swift; sourceTree = "<group>"; };
		8479930422D7D742001781D5 /* Extensions.swift */ = {isa = PBXFileReference; lastKnownFileType = sourcecode.swift; path = Extensions.swift; sourceTree = "<group>"; };
		8479930622D8DB72001781D5 /* EyeInTheSky.storyboard */ = {isa = PBXFileReference; lastKnownFileType = file.storyboard; path = EyeInTheSky.storyboard; sourceTree = "<group>"; };
		8479930822D8DB94001781D5 /* EyeInTheSky.swift */ = {isa = PBXFileReference; lastKnownFileType = sourcecode.swift; path = EyeInTheSky.swift; sourceTree = "<group>"; };
		8479930C22D8DE67001781D5 /* NASATypes.swift */ = {isa = PBXFileReference; lastKnownFileType = sourcecode.swift; path = NASATypes.swift; sourceTree = "<group>"; };
		8479930E22D8EBFE001781D5 /* DataModels.swift */ = {isa = PBXFileReference; lastKnownFileType = sourcecode.swift; path = DataModels.swift; sourceTree = "<group>"; };
		8479931022D9308B001781D5 /* CreatePostcard.swift */ = {isa = PBXFileReference; lastKnownFileType = sourcecode.swift; path = CreatePostcard.swift; sourceTree = "<group>"; };
		98EB823ABCF4530328E930FA /* Pods-NASA AppUITests.debug.xcconfig */ = {isa = PBXFileReference; includeInIndex = 1; lastKnownFileType = text.xcconfig; name = "Pods-NASA AppUITests.debug.xcconfig"; path = "Target Support Files/Pods-NASA AppUITests/Pods-NASA AppUITests.debug.xcconfig"; sourceTree = "<group>"; };
		AA3AB2EB469182268EF1DC8A /* Pods-NASA App.debug.xcconfig */ = {isa = PBXFileReference; includeInIndex = 1; lastKnownFileType = text.xcconfig; name = "Pods-NASA App.debug.xcconfig"; path = "Target Support Files/Pods-NASA App/Pods-NASA App.debug.xcconfig"; sourceTree = "<group>"; };
		BC65E1C324AAA01F1BE4A457 /* Pods_NASA_AppUITests.framework */ = {isa = PBXFileReference; explicitFileType = wrapper.framework; includeInIndex = 0; path = Pods_NASA_AppUITests.framework; sourceTree = BUILT_PRODUCTS_DIR; };
		D21113C5F4CA7B1052B267E3 /* Pods_NASA_App.framework */ = {isa = PBXFileReference; explicitFileType = wrapper.framework; includeInIndex = 0; path = Pods_NASA_App.framework; sourceTree = BUILT_PRODUCTS_DIR; };
/* End PBXFileReference section */

/* Begin PBXFrameworksBuildPhase section */
		845D552E22D62A710020A64C /* Frameworks */ = {
			isa = PBXFrameworksBuildPhase;
			buildActionMask = 2147483647;
			files = (
				A0CEB2129ECD8781FC2ACCC9 /* Pods_NASA_App.framework in Frameworks */,
			);
			runOnlyForDeploymentPostprocessing = 0;
		};
		845D554422D62A730020A64C /* Frameworks */ = {
			isa = PBXFrameworksBuildPhase;
			buildActionMask = 2147483647;
			files = (
				5160F0DB046D3BCD8B0C7654 /* Pods_NASA_AppTests.framework in Frameworks */,
			);
			runOnlyForDeploymentPostprocessing = 0;
		};
		845D554F22D62A730020A64C /* Frameworks */ = {
			isa = PBXFrameworksBuildPhase;
			buildActionMask = 2147483647;
			files = (
				14E066DB6AFD1428E8277BDB /* Pods_NASA_AppUITests.framework in Frameworks */,
			);
			runOnlyForDeploymentPostprocessing = 0;
		};
/* End PBXFrameworksBuildPhase section */

/* Begin PBXGroup section */
		59E100A4246B369EBA89270D /* Pods */ = {
			isa = PBXGroup;
			children = (
				AA3AB2EB469182268EF1DC8A /* Pods-NASA App.debug.xcconfig */,
				0F2FA540F178D24386B3D799 /* Pods-NASA App.release.xcconfig */,
				7F6F22166F994D9B35DA440B /* Pods-NASA AppTests.debug.xcconfig */,
				16A1363DB835C51240595F2F /* Pods-NASA AppTests.release.xcconfig */,
				98EB823ABCF4530328E930FA /* Pods-NASA AppUITests.debug.xcconfig */,
				4411A73F623B642E04F8E21E /* Pods-NASA AppUITests.release.xcconfig */,
			);
			path = Pods;
			sourceTree = "<group>";
		};
		845D552822D62A710020A64C = {
			isa = PBXGroup;
			children = (
				845D553322D62A710020A64C /* NASA App */,
				845D554A22D62A730020A64C /* NASA AppTests */,
				845D555522D62A730020A64C /* NASA AppUITests */,
				845D553222D62A710020A64C /* Products */,
				59E100A4246B369EBA89270D /* Pods */,
				E9B23BB115A3968829678751 /* Frameworks */,
			);
			sourceTree = "<group>";
		};
		845D553222D62A710020A64C /* Products */ = {
			isa = PBXGroup;
			children = (
				845D553122D62A710020A64C /* NASA App.app */,
				845D554722D62A730020A64C /* NASA AppTests.xctest */,
				845D555222D62A730020A64C /* NASA AppUITests.xctest */,
			);
			name = Products;
			sourceTree = "<group>";
		};
		845D553322D62A710020A64C /* NASA App */ = {
			isa = PBXGroup;
			children = (
				845D553422D62A710020A64C /* AppDelegate.swift */,
				845D553622D62A710020A64C /* art.scnassets */,
				840C72CB22DAA87700A76A6B /* LocationManager.swift */,
				845D556622D62ABC0020A64C /* MainViewController.swift */,
				847992FD22D7ABDB001781D5 /* MarsRover */,
				845D556E22D646E10020A64C /* PlanetaryAR */,
				8479930A22D8DBC9001781D5 /* EyeInTheSky */,
				845D556B22D62B580020A64C /* Storyboards */,
				845D553D22D62A730020A64C /* Assets.xcassets */,
				845D554222D62A730020A64C /* Info.plist */,
				8479930B22D8DE40001781D5 /* DataMethod */,
				8479930422D7D742001781D5 /* Extensions.swift */,
			);
			path = "NASA App";
			sourceTree = "<group>";
		};
		845D554A22D62A730020A64C /* NASA AppTests */ = {
			isa = PBXGroup;
			children = (
				845D554B22D62A730020A64C /* NASA_AppTests.swift */,
				845D554D22D62A730020A64C /* Info.plist */,
			);
			path = "NASA AppTests";
			sourceTree = "<group>";
		};
		845D555522D62A730020A64C /* NASA AppUITests */ = {
			isa = PBXGroup;
			children = (
				845D555622D62A730020A64C /* NASA_AppUITests.swift */,
				845D555822D62A730020A64C /* Info.plist */,
			);
			path = "NASA AppUITests";
			sourceTree = "<group>";
		};
		845D556B22D62B580020A64C /* Storyboards */ = {
			isa = PBXGroup;
			children = (
				845D553A22D62A710020A64C /* Main.storyboard */,
				847992F922D7ABC6001781D5 /* MarsRover.storyboard */,
				845D556822D62AF80020A64C /* PlanetaryAR.storyboard */,
				8479930622D8DB72001781D5 /* EyeInTheSky.storyboard */,
				845D553F22D62A730020A64C /* LaunchScreen.storyboard */,
			);
			path = Storyboards;
			sourceTree = "<group>";
		};
		845D556E22D646E10020A64C /* PlanetaryAR */ = {
			isa = PBXGroup;
			children = (
				845D556422D62AA50020A64C /* PlanetaryARVC.swift */,
				845D556C22D646D80020A64C /* Planets.swift */,
			);
			path = PlanetaryAR;
			sourceTree = "<group>";
		};
		847992FD22D7ABDB001781D5 /* MarsRover */ = {
			isa = PBXGroup;
			children = (
				847992FB22D7ABD4001781D5 /* MarsRoverVC.swift */,
				8479930022D7C62A001781D5 /* RoverCollectionView.swift */,
				847992FE22D7B8B0001781D5 /* Rovers.swift */,
				8479930222D7C7AF001781D5 /* RoverCell.swift */,
				8479931022D9308B001781D5 /* CreatePostcard.swift */,
			);
			path = MarsRover;
			sourceTree = "<group>";
		};
		8479930A22D8DBC9001781D5 /* EyeInTheSky */ = {
			isa = PBXGroup;
			children = (
				8479930822D8DB94001781D5 /* EyeInTheSky.swift */,
				840C72C522DA8ED300A76A6B /* EyeInTheSkyMapViewDelegate.swift */,
				840C72C722DA8F3400A76A6B /* LocationTableView.swift */,
				840C72C922DA8F3D00A76A6B /* LocationCell.swift */,
			);
			path = EyeInTheSky;
			sourceTree = "<group>";
		};
		8479930B22D8DE40001781D5 /* DataMethod */ = {
			isa = PBXGroup;
			children = (
				847992F722D6BC70001781D5 /* JSONDownloader.swift */,
				8479930C22D8DE67001781D5 /* NASATypes.swift */,
				8479930E22D8EBFE001781D5 /* DataModels.swift */,
				840C72C322DA332300A76A6B /* ImageService.swift */,
				8453329822DD505100098746 /* SearchLocations.swift */,
			);
			path = DataMethod;
			sourceTree = "<group>";
		};
		E9B23BB115A3968829678751 /* Frameworks */ = {
			isa = PBXGroup;
			children = (
				D21113C5F4CA7B1052B267E3 /* Pods_NASA_App.framework */,
				0A9F8DE9CD681379222B8DE7 /* Pods_NASA_AppTests.framework */,
				BC65E1C324AAA01F1BE4A457 /* Pods_NASA_AppUITests.framework */,
			);
			name = Frameworks;
			sourceTree = "<group>";
		};
/* End PBXGroup section */

/* Begin PBXNativeTarget section */
		845D553022D62A710020A64C /* NASA App */ = {
			isa = PBXNativeTarget;
			buildConfigurationList = 845D555B22D62A730020A64C /* Build configuration list for PBXNativeTarget "NASA App" */;
			buildPhases = (
				07F6B32CF20B27A330129971 /* [CP] Check Pods Manifest.lock */,
				845D552D22D62A710020A64C /* Sources */,
				845D552E22D62A710020A64C /* Frameworks */,
				845D552F22D62A710020A64C /* Resources */,
				575E97A0E8B10410D461ED5B /* [CP] Embed Pods Frameworks */,
			);
			buildRules = (
			);
			dependencies = (
			);
			name = "NASA App";
			productName = "NASA App";
			productReference = 845D553122D62A710020A64C /* NASA App.app */;
			productType = "com.apple.product-type.application";
		};
		845D554622D62A730020A64C /* NASA AppTests */ = {
			isa = PBXNativeTarget;
			buildConfigurationList = 845D555E22D62A730020A64C /* Build configuration list for PBXNativeTarget "NASA AppTests" */;
			buildPhases = (
				176ADF45414CD462A76A4799 /* [CP] Check Pods Manifest.lock */,
				845D554322D62A730020A64C /* Sources */,
				845D554422D62A730020A64C /* Frameworks */,
				845D554522D62A730020A64C /* Resources */,
			);
			buildRules = (
			);
			dependencies = (
				845D554922D62A730020A64C /* PBXTargetDependency */,
			);
			name = "NASA AppTests";
			productName = "NASA AppTests";
			productReference = 845D554722D62A730020A64C /* NASA AppTests.xctest */;
			productType = "com.apple.product-type.bundle.unit-test";
		};
		845D555122D62A730020A64C /* NASA AppUITests */ = {
			isa = PBXNativeTarget;
			buildConfigurationList = 845D556122D62A730020A64C /* Build configuration list for PBXNativeTarget "NASA AppUITests" */;
			buildPhases = (
				C943E01E84BCADFEFF972FFA /* [CP] Check Pods Manifest.lock */,
				845D554E22D62A730020A64C /* Sources */,
				845D554F22D62A730020A64C /* Frameworks */,
				845D555022D62A730020A64C /* Resources */,
			);
			buildRules = (
			);
			dependencies = (
				845D555422D62A730020A64C /* PBXTargetDependency */,
			);
			name = "NASA AppUITests";
			productName = "NASA AppUITests";
			productReference = 845D555222D62A730020A64C /* NASA AppUITests.xctest */;
			productType = "com.apple.product-type.bundle.ui-testing";
		};
/* End PBXNativeTarget section */

/* Begin PBXProject section */
		845D552922D62A710020A64C /* Project object */ = {
			isa = PBXProject;
			attributes = {
				LastSwiftUpdateCheck = 1020;
				LastUpgradeCheck = 1020;
				ORGANIZATIONNAME = "Brandon Mahoney";
				TargetAttributes = {
					845D553022D62A710020A64C = {
						CreatedOnToolsVersion = 10.2.1;
					};
					845D554622D62A730020A64C = {
						CreatedOnToolsVersion = 10.2.1;
						TestTargetID = 845D553022D62A710020A64C;
					};
					845D555122D62A730020A64C = {
						CreatedOnToolsVersion = 10.2.1;
						TestTargetID = 845D553022D62A710020A64C;
					};
				};
			};
			buildConfigurationList = 845D552C22D62A710020A64C /* Build configuration list for PBXProject "NASA App" */;
			compatibilityVersion = "Xcode 9.3";
			developmentRegion = en;
			hasScannedForEncodings = 0;
			knownRegions = (
				en,
				Base,
			);
			mainGroup = 845D552822D62A710020A64C;
			productRefGroup = 845D553222D62A710020A64C /* Products */;
			projectDirPath = "";
			projectRoot = "";
			targets = (
				845D553022D62A710020A64C /* NASA App */,
				845D554622D62A730020A64C /* NASA AppTests */,
				845D555122D62A730020A64C /* NASA AppUITests */,
			);
		};
/* End PBXProject section */

/* Begin PBXResourcesBuildPhase section */
		845D552F22D62A710020A64C /* Resources */ = {
			isa = PBXResourcesBuildPhase;
			buildActionMask = 2147483647;
			files = (
				847992FA22D7ABC6001781D5 /* MarsRover.storyboard in Resources */,
				8479930722D8DB72001781D5 /* EyeInTheSky.storyboard in Resources */,
				845D553722D62A710020A64C /* art.scnassets in Resources */,
				845D554122D62A730020A64C /* LaunchScreen.storyboard in Resources */,
				845D553E22D62A730020A64C /* Assets.xcassets in Resources */,
				845D553C22D62A710020A64C /* Main.storyboard in Resources */,
				845D556A22D62AF80020A64C /* PlanetaryAR.storyboard in Resources */,
			);
			runOnlyForDeploymentPostprocessing = 0;
		};
		845D554522D62A730020A64C /* Resources */ = {
			isa = PBXResourcesBuildPhase;
			buildActionMask = 2147483647;
			files = (
			);
			runOnlyForDeploymentPostprocessing = 0;
		};
		845D555022D62A730020A64C /* Resources */ = {
			isa = PBXResourcesBuildPhase;
			buildActionMask = 2147483647;
			files = (
			);
			runOnlyForDeploymentPostprocessing = 0;
		};
/* End PBXResourcesBuildPhase section */

/* Begin PBXShellScriptBuildPhase section */
		07F6B32CF20B27A330129971 /* [CP] Check Pods Manifest.lock */ = {
			isa = PBXShellScriptBuildPhase;
			buildActionMask = 2147483647;
			files = (
			);
			inputFileListPaths = (
			);
			inputPaths = (
				"${PODS_PODFILE_DIR_PATH}/Podfile.lock",
				"${PODS_ROOT}/Manifest.lock",
			);
			name = "[CP] Check Pods Manifest.lock";
			outputFileListPaths = (
			);
			outputPaths = (
				"$(DERIVED_FILE_DIR)/Pods-NASA App-checkManifestLockResult.txt",
			);
			runOnlyForDeploymentPostprocessing = 0;
			shellPath = /bin/sh;
			shellScript = "diff \"${PODS_PODFILE_DIR_PATH}/Podfile.lock\" \"${PODS_ROOT}/Manifest.lock\" > /dev/null\nif [ $? != 0 ] ; then\n    # print error to STDERR\n    echo \"error: The sandbox is not in sync with the Podfile.lock. Run 'pod install' or update your CocoaPods installation.\" >&2\n    exit 1\nfi\n# This output is used by Xcode 'outputs' to avoid re-running this script phase.\necho \"SUCCESS\" > \"${SCRIPT_OUTPUT_FILE_0}\"\n";
			showEnvVarsInLog = 0;
		};
		176ADF45414CD462A76A4799 /* [CP] Check Pods Manifest.lock */ = {
			isa = PBXShellScriptBuildPhase;
			buildActionMask = 2147483647;
			files = (
			);
			inputFileListPaths = (
			);
			inputPaths = (
				"${PODS_PODFILE_DIR_PATH}/Podfile.lock",
				"${PODS_ROOT}/Manifest.lock",
			);
			name = "[CP] Check Pods Manifest.lock";
			outputFileListPaths = (
			);
			outputPaths = (
				"$(DERIVED_FILE_DIR)/Pods-NASA AppTests-checkManifestLockResult.txt",
			);
			runOnlyForDeploymentPostprocessing = 0;
			shellPath = /bin/sh;
			shellScript = "diff \"${PODS_PODFILE_DIR_PATH}/Podfile.lock\" \"${PODS_ROOT}/Manifest.lock\" > /dev/null\nif [ $? != 0 ] ; then\n    # print error to STDERR\n    echo \"error: The sandbox is not in sync with the Podfile.lock. Run 'pod install' or update your CocoaPods installation.\" >&2\n    exit 1\nfi\n# This output is used by Xcode 'outputs' to avoid re-running this script phase.\necho \"SUCCESS\" > \"${SCRIPT_OUTPUT_FILE_0}\"\n";
			showEnvVarsInLog = 0;
		};
		575E97A0E8B10410D461ED5B /* [CP] Embed Pods Frameworks */ = {
			isa = PBXShellScriptBuildPhase;
			buildActionMask = 2147483647;
			files = (
			);
			inputFileListPaths = (
			);
			inputPaths = (
				"${PODS_ROOT}/Target Support Files/Pods-NASA App/Pods-NASA App-frameworks.sh",
				"${BUILT_PRODUCTS_DIR}/DropDown/DropDown.framework",
				"${BUILT_PRODUCTS_DIR}/SVProgressHUD/SVProgressHUD.framework",
			);
			name = "[CP] Embed Pods Frameworks";
			outputFileListPaths = (
			);
			outputPaths = (
				"${TARGET_BUILD_DIR}/${FRAMEWORKS_FOLDER_PATH}/DropDown.framework",
				"${TARGET_BUILD_DIR}/${FRAMEWORKS_FOLDER_PATH}/SVProgressHUD.framework",
			);
			runOnlyForDeploymentPostprocessing = 0;
			shellPath = /bin/sh;
			shellScript = "\"${PODS_ROOT}/Target Support Files/Pods-NASA App/Pods-NASA App-frameworks.sh\"\n";
			showEnvVarsInLog = 0;
		};
		C943E01E84BCADFEFF972FFA /* [CP] Check Pods Manifest.lock */ = {
			isa = PBXShellScriptBuildPhase;
			buildActionMask = 2147483647;
			files = (
			);
			inputFileListPaths = (
			);
			inputPaths = (
				"${PODS_PODFILE_DIR_PATH}/Podfile.lock",
				"${PODS_ROOT}/Manifest.lock",
			);
			name = "[CP] Check Pods Manifest.lock";
			outputFileListPaths = (
			);
			outputPaths = (
				"$(DERIVED_FILE_DIR)/Pods-NASA AppUITests-checkManifestLockResult.txt",
			);
			runOnlyForDeploymentPostprocessing = 0;
			shellPath = /bin/sh;
			shellScript = "diff \"${PODS_PODFILE_DIR_PATH}/Podfile.lock\" \"${PODS_ROOT}/Manifest.lock\" > /dev/null\nif [ $? != 0 ] ; then\n    # print error to STDERR\n    echo \"error: The sandbox is not in sync with the Podfile.lock. Run 'pod install' or update your CocoaPods installation.\" >&2\n    exit 1\nfi\n# This output is used by Xcode 'outputs' to avoid re-running this script phase.\necho \"SUCCESS\" > \"${SCRIPT_OUTPUT_FILE_0}\"\n";
			showEnvVarsInLog = 0;
		};
/* End PBXShellScriptBuildPhase section */

/* Begin PBXSourcesBuildPhase section */
		845D552D22D62A710020A64C /* Sources */ = {
			isa = PBXSourcesBuildPhase;
			buildActionMask = 2147483647;
			files = (
				847992FF22D7B8B0001781D5 /* Rovers.swift in Sources */,
				840C72C422DA332300A76A6B /* ImageService.swift in Sources */,
				8453329922DD505100098746 /* SearchLocations.swift in Sources */,
				847992F822D6BC70001781D5 /* JSONDownloader.swift in Sources */,
				847992FC22D7ABD4001781D5 /* MarsRoverVC.swift in Sources */,
				845D556D22D646D80020A64C /* Planets.swift in Sources */,
				845D556522D62AA50020A64C /* PlanetaryARVC.swift in Sources */,
				8479930D22D8DE67001781D5 /* NASATypes.swift in Sources */,
				840C72C622DA8ED300A76A6B /* EyeInTheSkyMapViewDelegate.swift in Sources */,
				8479930322D7C7AF001781D5 /* RoverCell.swift in Sources */,
				845D553522D62A710020A64C /* AppDelegate.swift in Sources */,
				8479930122D7C62A001781D5 /* RoverCollectionView.swift in Sources */,
				840C72CC22DAA87700A76A6B /* LocationManager.swift in Sources */,
				840C72C822DA8F3400A76A6B /* LocationTableView.swift in Sources */,
				8479931122D9308B001781D5 /* CreatePostcard.swift in Sources */,
				8479930522D7D742001781D5 /* Extensions.swift in Sources */,
				840C72CA22DA8F3D00A76A6B /* LocationCell.swift in Sources */,
				8479930F22D8EBFE001781D5 /* DataModels.swift in Sources */,
				8479930922D8DB94001781D5 /* EyeInTheSky.swift in Sources */,
				845D556722D62ABC0020A64C /* MainViewController.swift in Sources */,
			);
			runOnlyForDeploymentPostprocessing = 0;
		};
		845D554322D62A730020A64C /* Sources */ = {
			isa = PBXSourcesBuildPhase;
			buildActionMask = 2147483647;
			files = (
				845D554C22D62A730020A64C /* NASA_AppTests.swift in Sources */,
			);
			runOnlyForDeploymentPostprocessing = 0;
		};
		845D554E22D62A730020A64C /* Sources */ = {
			isa = PBXSourcesBuildPhase;
			buildActionMask = 2147483647;
			files = (
				845D555722D62A730020A64C /* NASA_AppUITests.swift in Sources */,
			);
			runOnlyForDeploymentPostprocessing = 0;
		};
/* End PBXSourcesBuildPhase section */

/* Begin PBXTargetDependency section */
		845D554922D62A730020A64C /* PBXTargetDependency */ = {
			isa = PBXTargetDependency;
			target = 845D553022D62A710020A64C /* NASA App */;
			targetProxy = 845D554822D62A730020A64C /* PBXContainerItemProxy */;
		};
		845D555422D62A730020A64C /* PBXTargetDependency */ = {
			isa = PBXTargetDependency;
			target = 845D553022D62A710020A64C /* NASA App */;
			targetProxy = 845D555322D62A730020A64C /* PBXContainerItemProxy */;
		};
/* End PBXTargetDependency section */

/* Begin PBXVariantGroup section */
		845D553A22D62A710020A64C /* Main.storyboard */ = {
			isa = PBXVariantGroup;
			children = (
				845D553B22D62A710020A64C /* Base */,
			);
			name = Main.storyboard;
			sourceTree = "<group>";
		};
		845D553F22D62A730020A64C /* LaunchScreen.storyboard */ = {
			isa = PBXVariantGroup;
			children = (
				845D554022D62A730020A64C /* Base */,
			);
			name = LaunchScreen.storyboard;
			sourceTree = "<group>";
		};
		845D556822D62AF80020A64C /* PlanetaryAR.storyboard */ = {
			isa = PBXVariantGroup;
			children = (
				845D556922D62AF80020A64C /* Base */,
			);
			name = PlanetaryAR.storyboard;
			sourceTree = "<group>";
		};
/* End PBXVariantGroup section */

/* Begin XCBuildConfiguration section */
		845D555922D62A730020A64C /* Debug */ = {
			isa = XCBuildConfiguration;
			buildSettings = {
				ALWAYS_SEARCH_USER_PATHS = NO;
				CLANG_ANALYZER_NONNULL = YES;
				CLANG_ANALYZER_NUMBER_OBJECT_CONVERSION = YES_AGGRESSIVE;
				CLANG_CXX_LANGUAGE_STANDARD = "gnu++14";
				CLANG_CXX_LIBRARY = "libc++";
				CLANG_ENABLE_MODULES = YES;
				CLANG_ENABLE_OBJC_ARC = YES;
				CLANG_ENABLE_OBJC_WEAK = YES;
				CLANG_WARN_BLOCK_CAPTURE_AUTORELEASING = YES;
				CLANG_WARN_BOOL_CONVERSION = YES;
				CLANG_WARN_COMMA = YES;
				CLANG_WARN_CONSTANT_CONVERSION = YES;
				CLANG_WARN_DEPRECATED_OBJC_IMPLEMENTATIONS = YES;
				CLANG_WARN_DIRECT_OBJC_ISA_USAGE = YES_ERROR;
				CLANG_WARN_DOCUMENTATION_COMMENTS = YES;
				CLANG_WARN_EMPTY_BODY = YES;
				CLANG_WARN_ENUM_CONVERSION = YES;
				CLANG_WARN_INFINITE_RECURSION = YES;
				CLANG_WARN_INT_CONVERSION = YES;
				CLANG_WARN_NON_LITERAL_NULL_CONVERSION = YES;
				CLANG_WARN_OBJC_IMPLICIT_RETAIN_SELF = YES;
				CLANG_WARN_OBJC_LITERAL_CONVERSION = YES;
				CLANG_WARN_OBJC_ROOT_CLASS = YES_ERROR;
				CLANG_WARN_RANGE_LOOP_ANALYSIS = YES;
				CLANG_WARN_STRICT_PROTOTYPES = YES;
				CLANG_WARN_SUSPICIOUS_MOVE = YES;
				CLANG_WARN_UNGUARDED_AVAILABILITY = YES_AGGRESSIVE;
				CLANG_WARN_UNREACHABLE_CODE = YES;
				CLANG_WARN__DUPLICATE_METHOD_MATCH = YES;
				CODE_SIGN_IDENTITY = "iPhone Developer";
				COPY_PHASE_STRIP = NO;
				DEBUG_INFORMATION_FORMAT = dwarf;
				ENABLE_STRICT_OBJC_MSGSEND = YES;
				ENABLE_TESTABILITY = YES;
				GCC_C_LANGUAGE_STANDARD = gnu11;
				GCC_DYNAMIC_NO_PIC = NO;
				GCC_NO_COMMON_BLOCKS = YES;
				GCC_OPTIMIZATION_LEVEL = 0;
				GCC_PREPROCESSOR_DEFINITIONS = (
					"DEBUG=1",
					"$(inherited)",
				);
				GCC_WARN_64_TO_32_BIT_CONVERSION = YES;
				GCC_WARN_ABOUT_RETURN_TYPE = YES_ERROR;
				GCC_WARN_UNDECLARED_SELECTOR = YES;
				GCC_WARN_UNINITIALIZED_AUTOS = YES_AGGRESSIVE;
				GCC_WARN_UNUSED_FUNCTION = YES;
				GCC_WARN_UNUSED_VARIABLE = YES;
				IPHONEOS_DEPLOYMENT_TARGET = 12.2;
				MTL_ENABLE_DEBUG_INFO = INCLUDE_SOURCE;
				MTL_FAST_MATH = YES;
				ONLY_ACTIVE_ARCH = YES;
				SDKROOT = iphoneos;
				SWIFT_ACTIVE_COMPILATION_CONDITIONS = DEBUG;
				SWIFT_OPTIMIZATION_LEVEL = "-Onone";
			};
			name = Debug;
		};
		845D555A22D62A730020A64C /* Release */ = {
			isa = XCBuildConfiguration;
			buildSettings = {
				ALWAYS_SEARCH_USER_PATHS = NO;
				CLANG_ANALYZER_NONNULL = YES;
				CLANG_ANALYZER_NUMBER_OBJECT_CONVERSION = YES_AGGRESSIVE;
				CLANG_CXX_LANGUAGE_STANDARD = "gnu++14";
				CLANG_CXX_LIBRARY = "libc++";
				CLANG_ENABLE_MODULES = YES;
				CLANG_ENABLE_OBJC_ARC = YES;
				CLANG_ENABLE_OBJC_WEAK = YES;
				CLANG_WARN_BLOCK_CAPTURE_AUTORELEASING = YES;
				CLANG_WARN_BOOL_CONVERSION = YES;
				CLANG_WARN_COMMA = YES;
				CLANG_WARN_CONSTANT_CONVERSION = YES;
				CLANG_WARN_DEPRECATED_OBJC_IMPLEMENTATIONS = YES;
				CLANG_WARN_DIRECT_OBJC_ISA_USAGE = YES_ERROR;
				CLANG_WARN_DOCUMENTATION_COMMENTS = YES;
				CLANG_WARN_EMPTY_BODY = YES;
				CLANG_WARN_ENUM_CONVERSION = YES;
				CLANG_WARN_INFINITE_RECURSION = YES;
				CLANG_WARN_INT_CONVERSION = YES;
				CLANG_WARN_NON_LITERAL_NULL_CONVERSION = YES;
				CLANG_WARN_OBJC_IMPLICIT_RETAIN_SELF = YES;
				CLANG_WARN_OBJC_LITERAL_CONVERSION = YES;
				CLANG_WARN_OBJC_ROOT_CLASS = YES_ERROR;
				CLANG_WARN_RANGE_LOOP_ANALYSIS = YES;
				CLANG_WARN_STRICT_PROTOTYPES = YES;
				CLANG_WARN_SUSPICIOUS_MOVE = YES;
				CLANG_WARN_UNGUARDED_AVAILABILITY = YES_AGGRESSIVE;
				CLANG_WARN_UNREACHABLE_CODE = YES;
				CLANG_WARN__DUPLICATE_METHOD_MATCH = YES;
				CODE_SIGN_IDENTITY = "iPhone Developer";
				COPY_PHASE_STRIP = NO;
				DEBUG_INFORMATION_FORMAT = "dwarf-with-dsym";
				ENABLE_NS_ASSERTIONS = NO;
				ENABLE_STRICT_OBJC_MSGSEND = YES;
				GCC_C_LANGUAGE_STANDARD = gnu11;
				GCC_NO_COMMON_BLOCKS = YES;
				GCC_WARN_64_TO_32_BIT_CONVERSION = YES;
				GCC_WARN_ABOUT_RETURN_TYPE = YES_ERROR;
				GCC_WARN_UNDECLARED_SELECTOR = YES;
				GCC_WARN_UNINITIALIZED_AUTOS = YES_AGGRESSIVE;
				GCC_WARN_UNUSED_FUNCTION = YES;
				GCC_WARN_UNUSED_VARIABLE = YES;
				IPHONEOS_DEPLOYMENT_TARGET = 12.2;
				MTL_ENABLE_DEBUG_INFO = NO;
				MTL_FAST_MATH = YES;
				SDKROOT = iphoneos;
				SWIFT_COMPILATION_MODE = wholemodule;
				SWIFT_OPTIMIZATION_LEVEL = "-O";
				VALIDATE_PRODUCT = YES;
			};
			name = Release;
		};
		845D555C22D62A730020A64C /* Debug */ = {
			isa = XCBuildConfiguration;
			baseConfigurationReference = AA3AB2EB469182268EF1DC8A /* Pods-NASA App.debug.xcconfig */;
			buildSettings = {
				ASSETCATALOG_COMPILER_APPICON_NAME = AppIcon;
				CODE_SIGN_STYLE = Automatic;
				DEVELOPMENT_TEAM = B29P2M257D;
				INFOPLIST_FILE = "NASA App/Info.plist";
				LD_RUNPATH_SEARCH_PATHS = (
					"$(inherited)",
					"@executable_path/Frameworks",
				);
				PRODUCT_BUNDLE_IDENTIFIER = "tech.brandonmahoney.NASA-App";
				PRODUCT_NAME = "$(TARGET_NAME)";
				SWIFT_VERSION = 5.0;
				TARGETED_DEVICE_FAMILY = "1,2";
			};
			name = Debug;
		};
		845D555D22D62A730020A64C /* Release */ = {
			isa = XCBuildConfiguration;
			baseConfigurationReference = 0F2FA540F178D24386B3D799 /* Pods-NASA App.release.xcconfig */;
			buildSettings = {
				ASSETCATALOG_COMPILER_APPICON_NAME = AppIcon;
				CODE_SIGN_STYLE = Automatic;
				DEVELOPMENT_TEAM = B29P2M257D;
				INFOPLIST_FILE = "NASA App/Info.plist";
				LD_RUNPATH_SEARCH_PATHS = (
					"$(inherited)",
					"@executable_path/Frameworks",
				);
				PRODUCT_BUNDLE_IDENTIFIER = "tech.brandonmahoney.NASA-App";
				PRODUCT_NAME = "$(TARGET_NAME)";
				SWIFT_VERSION = 5.0;
				TARGETED_DEVICE_FAMILY = "1,2";
			};
			name = Release;
		};
		845D555F22D62A730020A64C /* Debug */ = {
			isa = XCBuildConfiguration;
			baseConfigurationReference = 7F6F22166F994D9B35DA440B /* Pods-NASA AppTests.debug.xcconfig */;
			buildSettings = {
				ALWAYS_EMBED_SWIFT_STANDARD_LIBRARIES = YES;
				BUNDLE_LOADER = "$(TEST_HOST)";
				CODE_SIGN_STYLE = Automatic;
				DEVELOPMENT_TEAM = B29P2M257D;
				INFOPLIST_FILE = "NASA AppTests/Info.plist";
				LD_RUNPATH_SEARCH_PATHS = (
					"$(inherited)",
					"@executable_path/Frameworks",
					"@loader_path/Frameworks",
				);
				PRODUCT_BUNDLE_IDENTIFIER = "tech.brandonmahoney.NASA-AppTests";
				PRODUCT_NAME = "$(TARGET_NAME)";
				SWIFT_VERSION = 5.0;
				TARGETED_DEVICE_FAMILY = "1,2";
				TEST_HOST = "$(BUILT_PRODUCTS_DIR)/NASA App.app/NASA App";
			};
			name = Debug;
		};
		845D556022D62A730020A64C /* Release */ = {
			isa = XCBuildConfiguration;
			baseConfigurationReference = 16A1363DB835C51240595F2F /* Pods-NASA AppTests.release.xcconfig */;
			buildSettings = {
				ALWAYS_EMBED_SWIFT_STANDARD_LIBRARIES = YES;
				BUNDLE_LOADER = "$(TEST_HOST)";
				CODE_SIGN_STYLE = Automatic;
				DEVELOPMENT_TEAM = B29P2M257D;
				INFOPLIST_FILE = "NASA AppTests/Info.plist";
				LD_RUNPATH_SEARCH_PATHS = (
					"$(inherited)",
					"@executable_path/Frameworks",
					"@loader_path/Frameworks",
				);
				PRODUCT_BUNDLE_IDENTIFIER = "tech.brandonmahoney.NASA-AppTests";
				PRODUCT_NAME = "$(TARGET_NAME)";
				SWIFT_VERSION = 5.0;
				TARGETED_DEVICE_FAMILY = "1,2";
				TEST_HOST = "$(BUILT_PRODUCTS_DIR)/NASA App.app/NASA App";
			};
			name = Release;
		};
		845D556222D62A730020A64C /* Debug */ = {
			isa = XCBuildConfiguration;
			baseConfigurationReference = 98EB823ABCF4530328E930FA /* Pods-NASA AppUITests.debug.xcconfig */;
			buildSettings = {
				ALWAYS_EMBED_SWIFT_STANDARD_LIBRARIES = YES;
				CODE_SIGN_STYLE = Automatic;
				DEVELOPMENT_TEAM = B29P2M257D;
				INFOPLIST_FILE = "NASA AppUITests/Info.plist";
				LD_RUNPATH_SEARCH_PATHS = (
					"$(inherited)",
					"@executable_path/Frameworks",
					"@loader_path/Frameworks",
				);
				PRODUCT_BUNDLE_IDENTIFIER = "tech.brandonmahoney.NASA-AppUITests";
				PRODUCT_NAME = "$(TARGET_NAME)";
				SWIFT_VERSION = 5.0;
				TARGETED_DEVICE_FAMILY = "1,2";
				TEST_TARGET_NAME = "NASA App";
			};
			name = Debug;
		};
		845D556322D62A730020A64C /* Release */ = {
			isa = XCBuildConfiguration;
			baseConfigurationReference = 4411A73F623B642E04F8E21E /* Pods-NASA AppUITests.release.xcconfig */;
			buildSettings = {
				ALWAYS_EMBED_SWIFT_STANDARD_LIBRARIES = YES;
				CODE_SIGN_STYLE = Automatic;
				DEVELOPMENT_TEAM = B29P2M257D;
				INFOPLIST_FILE = "NASA AppUITests/Info.plist";
				LD_RUNPATH_SEARCH_PATHS = (
					"$(inherited)",
					"@executable_path/Frameworks",
					"@loader_path/Frameworks",
				);
				PRODUCT_BUNDLE_IDENTIFIER = "tech.brandonmahoney.NASA-AppUITests";
				PRODUCT_NAME = "$(TARGET_NAME)";
				SWIFT_VERSION = 5.0;
				TARGETED_DEVICE_FAMILY = "1,2";
				TEST_TARGET_NAME = "NASA App";
			};
			name = Release;
		};
/* End XCBuildConfiguration section */

/* Begin XCConfigurationList section */
		845D552C22D62A710020A64C /* Build configuration list for PBXProject "NASA App" */ = {
			isa = XCConfigurationList;
			buildConfigurations = (
				845D555922D62A730020A64C /* Debug */,
				845D555A22D62A730020A64C /* Release */,
			);
			defaultConfigurationIsVisible = 0;
			defaultConfigurationName = Release;
		};
		845D555B22D62A730020A64C /* Build configuration list for PBXNativeTarget "NASA App" */ = {
			isa = XCConfigurationList;
			buildConfigurations = (
				845D555C22D62A730020A64C /* Debug */,
				845D555D22D62A730020A64C /* Release */,
			);
			defaultConfigurationIsVisible = 0;
			defaultConfigurationName = Release;
		};
		845D555E22D62A730020A64C /* Build configuration list for PBXNativeTarget "NASA AppTests" */ = {
			isa = XCConfigurationList;
			buildConfigurations = (
				845D555F22D62A730020A64C /* Debug */,
				845D556022D62A730020A64C /* Release */,
			);
			defaultConfigurationIsVisible = 0;
			defaultConfigurationName = Release;
		};
		845D556122D62A730020A64C /* Build configuration list for PBXNativeTarget "NASA AppUITests" */ = {
			isa = XCConfigurationList;
			buildConfigurations = (
				845D556222D62A730020A64C /* Debug */,
				845D556322D62A730020A64C /* Release */,
			);
			defaultConfigurationIsVisible = 0;
			defaultConfigurationName = Release;
		};
/* End XCConfigurationList section */
	};
	rootObject = 845D552922D62A710020A64C /* Project object */;
}
